
Microsoft Visual Studio Solution File, Format Version 12.00
# Visual Studio Version 16
VisualStudioVersion = 16.0.31321.278
MinimumVisualStudioVersion = 10.0.40219.1
Project("{FAE04EC0-301F-11D3-BF4B-00C04F79EFBC}") = "Unity CSharp Basics", "Unity CSharp Basics.csproj", "{28CC51D7-3915-4244-A858-DA667F9EDB9E}"
EndProject
Global
	GlobalSection(SolutionConfigurationPlatforms) = preSolution
		Debug|Any CPU = Debug|Any CPU
		Release|Any CPU = Release|Any CPU
	EndGlobalSection
	GlobalSection(ProjectConfigurationPlatforms) = postSolution
		{28CC51D7-3915-4244-A858-DA667F9EDB9E}.Debug|Any CPU.ActiveCfg = Debug|Any CPU
		{28CC51D7-3915-4244-A858-DA667F9EDB9E}.Debug|Any CPU.Build.0 = Debug|Any CPU
		{28CC51D7-3915-4244-A858-DA667F9EDB9E}.Release|Any CPU.ActiveCfg = Release|Any CPU
		{28CC51D7-3915-4244-A858-DA667F9EDB9E}.Release|Any CPU.Build.0 = Release|Any CPU
	EndGlobalSection
	GlobalSection(SolutionProperties) = preSolution
		HideSolutionNode = FALSE
	EndGlobalSection
	GlobalSection(ExtensibilityGlobals) = postSolution
		SolutionGuid = {6C76E7FD-B6E5-4E42-BE23-38138BE7CE53}
	EndGlobalSection
EndGlobal
